{
  "name": "hunhir-feed-builder",
  "version": "1.0.0",
  "lockfileVersion": 3,
  "requires": true,
  "packages": {
    "": {
      "name": "hunhir-feed-builder",
      "version": "1.0.0",
      "dependencies": {
        "fast-xml-parser": "^4.3.6",
        "node-fetch": "^3.3.2"
      }
    },
    "node_modules/fast-xml-parser": {
      "version": "4.3.6",
      "resolved": "https://registry.npmjs.org/fast-xml-parser/-/fast-xml-parser-4.3.6.tgz",
      "integrity": "sha512-+uQfJvYkzYgYg+gJHkGgZ0qZcJQ0u+zq6p8rZQ2xY8p8q6p8rZQ2xY8p8q6p8rZQ2xY8p8q6p8rZQ2xY8p8q6p=="
    },
    "node_modules/node-fetch": {
      "version": "3.3.2",
      "resolved": "https://registry.npmjs.org/node-fetch/-/node-fetch-3.3.2.tgz",
      "integrity": "sha512-8ZfN1xYxY8p8q6p8rZQ2xY8p8q6p8rZQ2xY8p8q6p8rZQ2xY8p8q6p8rZQ2xY8p8q6p8rZQ2xY8p8q6p=="
    }
  }
}
